# This file is automatically @generated by Cargo.
# It is not intended for manual editing.
version = 4

[[package]]
name = "nanika-core"
version = "0.1.0"

[[package]]
name = "nanika-extension-fixture"
version = "0.1.0"
dependencies = [
 "nanika-protocol",
]

[[package]]
name = "nanika-host"
version = "0.1.0"
dependencies = [
 "nanika-core",
 "nanika-platform",
 "nanika-protocol",
]

[[package]]
name = "nanika-platform"
version = "0.1.0"

[[package]]
name = "nanika-protocol"
version = "0.1.0"
